// !$*UTF8*$!
{
	archiveVersion = 1;
	classes = {
	};
	objectVersion = 46;
	objects = {

/* Begin PBXBuildFile section */
		8952B0E31AC7F66600E93478 /* Foundation.framework in Frameworks */ = {isa = PBXBuildFile; fileRef = 8952B0E21AC7F66600E93478 /* Foundation.framework */; };
		8952B0E51AC7F66600E93478 /* CoreGraphics.framework in Frameworks */ = {isa = PBXBuildFile; fileRef = 8952B0E41AC7F66600E93478 /* CoreGraphics.framework */; };
		8952B0E71AC7F66600E93478 /* UIKit.framework in Frameworks */ = {isa = PBXBuildFile; fileRef = 8952B0E61AC7F66600E93478 /* UIKit.framework */; };
		8952B0ED1AC7F66600E93478 /* InfoPlist.strings in Resources */ = {isa = PBXBuildFile; fileRef = 8952B0EB1AC7F66600E93478 /* InfoPlist.strings */; };
		8952B0EF1AC7F66600E93478 /* main.m in Sources */ = {isa = PBXBuildFile; fileRef = 8952B0EE1AC7F66600E93478 /* main.m */; };
		8952B0F31AC7F66600E93478 /* DYAppDelegate.m in Sources */ = {isa = PBXBuildFile; fileRef = 8952B0F21AC7F66600E93478 /* DYAppDelegate.m */; };
		8952B0F61AC7F66600E93478 /* Main.storyboard in Resources */ = {isa = PBXBuildFile; fileRef = 8952B0F41AC7F66600E93478 /* Main.storyboard */; };
		8952B0F91AC7F66600E93478 /* DYViewController.m in Sources */ = {isa = PBXBuildFile; fileRef = 8952B0F81AC7F66600E93478 /* DYViewController.m */; };
		8952B0FB1AC7F66600E93478 /* Images.xcassets in Resources */ = {isa = PBXBuildFile; fileRef = 8952B0FA1AC7F66600E93478 /* Images.xcassets */; };
		8952B1021AC7F66600E93478 /* XCTest.framework in Frameworks */ = {isa = PBXBuildFile; fileRef = 8952B1011AC7F66600E93478 /* XCTest.framework */; };
		8952B1031AC7F66600E93478 /* Foundation.framework in Frameworks */ = {isa = PBXBuildFile; fileRef = 8952B0E21AC7F66600E93478 /* Foundation.framework */; };
		8952B1041AC7F66600E93478 /* UIKit.framework in Frameworks */ = {isa = PBXBuildFile; fileRef = 8952B0E61AC7F66600E93478 /* UIKit.framework */; };
		8952B10C1AC7F66600E93478 /* InfoPlist.strings in Resources */ = {isa = PBXBuildFile; fileRef = 8952B10A1AC7F66600E93478 /* InfoPlist.strings */; };
		8952B10E1AC7F66600E93478 /* _6________Tests.m in Sources */ = {isa = PBXBuildFile; fileRef = 8952B10D1AC7F66600E93478 /* _6________Tests.m */; };
/* End PBXBuildFile section */

/* Begin PBXContainerItemProxy section */
		8952B1051AC7F66600E93478 /* PBXContainerItemProxy */ = {
			isa = PBXContainerItemProxy;
			containerPortal = 8952B0D71AC7F66600E93478 /* Project object */;
			proxyType = 1;
			remoteGlobalIDString = 8952B0DE1AC7F66600E93478;
			remoteInfo = "06.九宫格软件管理";
		};
/* End PBXContainerItemProxy section */

/* Begin PBXFileReference section */
		8952B0DF1AC7F66600E93478 /* 06.九宫格软件管理.app */ = {isa = PBXFileReference; explicitFileType = wrapper.application; includeInIndex = 0; path = "06.九宫格软件管理.app"; sourceTree = BUILT_PRODUCTS_DIR; };
		8952B0E21AC7F66600E93478 /* Foundation.framework */ = {isa = PBXFileReference; lastKnownFileType = wrapper.framework; name = Foundation.framework; path = System/Library/Frameworks/Foundation.framework; sourceTree = SDKROOT; };
		8952B0E41AC7F66600E93478 /* CoreGraphics.framework */ = {isa = PBXFileReference; lastKnownFileType = wrapper.framework; name = CoreGraphics.framework; path = System/Library/Frameworks/CoreGraphics.framework; sourceTree = SDKROOT; };
		8952B0E61AC7F66600E93478 /* UIKit.framework */ = {isa = PBXFileReference; lastKnownFileType = wrapper.framework; name = UIKit.framework; path = System/Library/Frameworks/UIKit.framework; sourceTree = SDKROOT; };
		8952B0EA1AC7F66600E93478 /* 06.九宫格软件管理-Info.plist */ = {isa = PBXFileReference; lastKnownFileType = text.plist.xml; path = "06.九宫格软件管理-Info.plist"; sourceTree = "<group>"; };
		8952B0EC1AC7F66600E93478 /* en */ = {isa = PBXFileReference; lastKnownFileType = text.plist.strings; name = en; path = en.lproj/InfoPlist.strings; sourceTree = "<group>"; };
		8952B0EE1AC7F66600E93478 /* main.m */ = {isa = PBXFileReference; lastKnownFileType = sourcecode.c.objc; path = main.m; sourceTree = "<group>"; };
		8952B0F01AC7F66600E93478 /* 06.九宫格软件管理-Prefix.pch */ = {isa = PBXFileReference; lastKnownFileType = sourcecode.c.h; path = "06.九宫格软件管理-Prefix.pch"; sourceTree = "<group>"; };
		8952B0F11AC7F66600E93478 /* DYAppDelegate.h */ = {isa = PBXFileReference; lastKnownFileType = sourcecode.c.h; path = DYAppDelegate.h; sourceTree = "<group>"; };
		8952B0F21AC7F66600E93478 /* DYAppDelegate.m */ = {isa = PBXFileReference; lastKnownFileType = sourcecode.c.objc; path = DYAppDelegate.m; sourceTree = "<group>"; };
		8952B0F51AC7F66600E93478 /* Base */ = {isa = PBXFileReference; lastKnownFileType = file.storyboard; name = Base; path = Base.lproj/Main.storyboard; sourceTree = "<group>"; };
		8952B0F71AC7F66600E93478 /* DYViewController.h */ = {isa = PBXFileReference; lastKnownFileType = sourcecode.c.h; path = DYViewController.h; sourceTree = "<group>"; };
		8952B0F81AC7F66600E93478 /* DYViewController.m */ = {isa = PBXFileReference; lastKnownFileType = sourcecode.c.objc; path = DYViewController.m; sourceTree = "<group>"; };
		8952B0FA1AC7F66600E93478 /* Images.xcassets */ = {isa = PBXFileReference; lastKnownFileType = folder.assetcatalog; path = Images.xcassets; sourceTree = "<group>"; };
		8952B1001AC7F66600E93478 /* 06.九宫格软件管理Tests.xctest */ = {isa = PBXFileReference; explicitFileType = wrapper.cfbundle; includeInIndex = 0; path = "06.九宫格软件管理Tests.xctest"; sourceTree = BUILT_PRODUCTS_DIR; };
		8952B1011AC7F66600E93478 /* XCTest.framework */ = {isa = PBXFileReference; lastKnownFileType = wrapper.framework; name = XCTest.framework; path = Library/Frameworks/XCTest.framework; sourceTree = DEVELOPER_DIR; };
		8952B1091AC7F66600E93478 /* 06.九宫格软件管理Tests-Info.plist */ = {isa = PBXFileReference; lastKnownFileType = text.plist.xml; path = "06.九宫格软件管理Tests-Info.plist"; sourceTree = "<group>"; };
		8952B10B1AC7F66600E93478 /* en */ = {isa = PBXFileReference; lastKnownFileType = text.plist.strings; name = en; path = en.lproj/InfoPlist.strings; sourceTree = "<group>"; };
		8952B10D1AC7F66600E93478 /* _6________Tests.m */ = {isa = PBXFileReference; lastKnownFileType = sourcecode.c.objc; path = "_6________Tests.m"; sourceTree = "<group>"; };
/* End PBXFileReference section */

/* Begin PBXFrameworksBuildPhase section */
		8952B0DC1AC7F66600E93478 /* Frameworks */ = {
			isa = PBXFrameworksBuildPhase;
			buildActionMask = 2147483647;
			files = (
				8952B0E51AC7F66600E93478 /* CoreGraphics.framework in Frameworks */,
				8952B0E71AC7F66600E93478 /* UIKit.framework in Frameworks */,
				8952B0E31AC7F66600E93478 /* Foundation.framework in Frameworks */,
			);
			runOnlyForDeploymentPostprocessing = 0;
		};
		8952B0FD1AC7F66600E93478 /* Frameworks */ = {
			isa = PBXFrameworksBuildPhase;
			buildActionMask = 2147483647;
			files = (
				8952B1021AC7F66600E93478 /* XCTest.framework in Frameworks */,
				8952B1041AC7F66600E93478 /* UIKit.framework in Frameworks */,
				8952B1031AC7F66600E93478 /* Foundation.framework in Frameworks */,
			);
			runOnlyForDeploymentPostprocessing = 0;
		};
/* End PBXFrameworksBuildPhase section */

/* Begin PBXGroup section */
		8952B0D61AC7F66600E93478 = {
			isa = PBXGroup;
			children = (
				8952B0E81AC7F66600E93478 /* 06.九宫格软件管理 */,
				8952B1071AC7F66600E93478 /* 06.九宫格软件管理Tests */,
				8952B0E11AC7F66600E93478 /* Frameworks */,
				8952B0E01AC7F66600E93478 /* Products */,
			);
			sourceTree = "<group>";
		};
		8952B0E01AC7F66600E93478 /* Products */ = {
			isa = PBXGroup;
			children = (
				8952B0DF1AC7F66600E93478 /* 06.九宫格软件管理.app */,
				8952B1001AC7F66600E93478 /* 06.九宫格软件管理Tests.xctest */,
			);
			name = Products;
			sourceTree = "<group>";
		};
		8952B0E11AC7F66600E93478 /* Frameworks */ = {
			isa = PBXGroup;
			children = (
				8952B0E21AC7F66600E93478 /* Foundation.framework */,
				8952B0E41AC7F66600E93478 /* CoreGraphics.framework */,
				8952B0E61AC7F66600E93478 /* UIKit.framework */,
				8952B1011AC7F66600E93478 /* XCTest.framework */,
			);
			name = Frameworks;
			sourceTree = "<group>";
		};
		8952B0E81AC7F66600E93478 /* 06.九宫格软件管理 */ = {
			isa = PBXGroup;
			children = (
				8952B0F11AC7F66600E93478 /* DYAppDelegate.h */,
				8952B0F21AC7F66600E93478 /* DYAppDelegate.m */,
				8952B0F41AC7F66600E93478 /* Main.storyboard */,
				8952B0F71AC7F66600E93478 /* DYViewController.h */,
				8952B0F81AC7F66600E93478 /* DYViewController.m */,
				8952B0FA1AC7F66600E93478 /* Images.xcassets */,
				8952B0E91AC7F66600E93478 /* Supporting Files */,
			);
			path = "06.九宫格软件管理";
			sourceTree = "<group>";
		};
		8952B0E91AC7F66600E93478 /* Supporting Files */ = {
			isa = PBXGroup;
			children = (
				8952B0EA1AC7F66600E93478 /* 06.九宫格软件管理-Info.plist */,
				8952B0EB1AC7F66600E93478 /* InfoPlist.strings */,
				8952B0EE1AC7F66600E93478 /* main.m */,
				8952B0F01AC7F66600E93478 /* 06.九宫格软件管理-Prefix.pch */,
			);
			name = "Supporting Files";
			sourceTree = "<group>";
		};
		8952B1071AC7F66600E93478 /* 06.九宫格软件管理Tests */ = {
			isa = PBXGroup;
			children = (
				8952B10D1AC7F66600E93478 /* _6________Tests.m */,
				8952B1081AC7F66600E93478 /* Supporting Files */,
			);
			path = "06.九宫格软件管理Tests";
			sourceTree = "<group>";
		};
		8952B1081AC7F66600E93478 /* Supporting Files */ = {
			isa = PBXGroup;
			children = (
				8952B1091AC7F66600E93478 /* 06.九宫格软件管理Tests-Info.plist */,
				8952B10A1AC7F66600E93478 /* InfoPlist.strings */,
			);
			name = "Supporting Files";
			sourceTree = "<group>";
		};
/* End PBXGroup section */

/* Begin PBXNativeTarget section */
		8952B0DE1AC7F66600E93478 /* 06.九宫格软件管理 */ = {
			isa = PBXNativeTarget;
			buildConfigurationList = 8952B1111AC7F66600E93478 /* Build configuration list for PBXNativeTarget "06.九宫格软件管理" */;
			buildPhases = (
				8952B0DB1AC7F66600E93478 /* Sources */,
				8952B0DC1AC7F66600E93478 /* Frameworks */,
				8952B0DD1AC7F66600E93478 /* Resources */,
			);
			buildRules = (
			);
			dependencies = (
			);
			name = "06.九宫格软件管理";
			productName = "06.九宫格软件管理";
			productReference = 8952B0DF1AC7F66600E93478 /* 06.九宫格软件管理.app */;
			productType = "com.apple.product-type.application";
		};
		8952B0FF1AC7F66600E93478 /* 06.九宫格软件管理Tests */ = {
			isa = PBXNativeTarget;
			buildConfigurationList = 8952B1141AC7F66600E93478 /* Build configuration list for PBXNativeTarget "06.九宫格软件管理Tests" */;
			buildPhases = (
				8952B0FC1AC7F66600E93478 /* Sources */,
				8952B0FD1AC7F66600E93478 /* Frameworks */,
				8952B0FE1AC7F66600E93478 /* Resources */,
			);
			buildRules = (
			);
			dependencies = (
				8952B1061AC7F66600E93478 /* PBXTargetDependency */,
			);
			name = "06.九宫格软件管理Tests";
			productName = "06.九宫格软件管理Tests";
			productReference = 8952B1001AC7F66600E93478 /* 06.九宫格软件管理Tests.xctest */;
			productType = "com.apple.product-type.bundle.unit-test";
		};
/* End PBXNativeTarget section */

/* Begin PBXProject section */
		8952B0D71AC7F66600E93478 /* Project object */ = {
			isa = PBXProject;
			attributes = {
				CLASSPREFIX = DY;
				LastUpgradeCheck = 0510;
				ORGANIZATIONNAME = you;
				TargetAttributes = {
					8952B0FF1AC7F66600E93478 = {
						TestTargetID = 8952B0DE1AC7F66600E93478;
					};
				};
			};
			buildConfigurationList = 8952B0DA1AC7F66600E93478 /* Build configuration list for PBXProject "06.九宫格软件管理" */;
			compatibilityVersion = "Xcode 3.2";
			developmentRegion = English;
			hasScannedForEncodings = 0;
			knownRegions = (
				en,
				Base,
			);
			mainGroup = 8952B0D61AC7F66600E93478;
			productRefGroup = 8952B0E01AC7F66600E93478 /* Products */;
			projectDirPath = "";
			projectRoot = "";
			targets = (
				8952B0DE1AC7F66600E93478 /* 06.九宫格软件管理 */,
				8952B0FF1AC7F66600E93478 /* 06.九宫格软件管理Tests */,
			);
		};
/* End PBXProject section */

/* Begin PBXResourcesBuildPhase section */
		8952B0DD1AC7F66600E93478 /* Resources */ = {
			isa = PBXResourcesBuildPhase;
			buildActionMask = 2147483647;
			files = (
				8952B0FB1AC7F66600E93478 /* Images.xcassets in Resources */,
				8952B0ED1AC7F66600E93478 /* InfoPlist.strings in Resources */,
				8952B0F61AC7F66600E93478 /* Main.storyboard in Resources */,
			);
			runOnlyForDeploymentPostprocessing = 0;
		};
		8952B0FE1AC7F66600E93478 /* Resources */ = {
			isa = PBXResourcesBuildPhase;
			buildActionMask = 2147483647;
			files = (
				8952B10C1AC7F66600E93478 /* InfoPlist.strings in Resources */,
			);
			runOnlyForDeploymentPostprocessing = 0;
		};
/* End PBXResourcesBuildPhase section */

/* Begin PBXSourcesBuildPhase section */
		8952B0DB1AC7F66600E93478 /* Sources */ = {
			isa = PBXSourcesBuildPhase;
			buildActionMask = 2147483647;
			files = (
				8952B0EF1AC7F66600E93478 /* main.m in Sources */,
				8952B0F91AC7F66600E93478 /* DYViewController.m in Sources */,
				8952B0F31AC7F66600E93478 /* DYAppDelegate.m in Sources */,
			);
			runOnlyForDeploymentPostprocessing = 0;
		};
		8952B0FC1AC7F66600E93478 /* Sources */ = {
			isa = PBXSourcesBuildPhase;
			buildActionMask = 2147483647;
			files = (
				8952B10E1AC7F66600E93478 /* _6________Tests.m in Sources */,
			);
			runOnlyForDeploymentPostprocessing = 0;
		};
/* End PBXSourcesBuildPhase section */

/* Begin PBXTargetDependency section */
		8952B1061AC7F66600E93478 /* PBXTargetDependency */ = {
			isa = PBXTargetDependency;
			target = 8952B0DE1AC7F66600E93478 /* 06.九宫格软件管理 */;
			targetProxy = 8952B1051AC7F66600E93478 /* PBXContainerItemProxy */;
		};
/* End PBXTargetDependency section */

/* Begin PBXVariantGroup section */
		8952B0EB1AC7F66600E93478 /* InfoPlist.strings */ = {
			isa = PBXVariantGroup;
			children = (
				8952B0EC1AC7F66600E93478 /* en */,
			);
			name = InfoPlist.strings;
			sourceTree = "<group>";
		};
		8952B0F41AC7F66600E93478 /* Main.storyboard */ = {
			isa = PBXVariantGroup;
			children = (
				8952B0F51AC7F66600E93478 /* Base */,
			);
			name = Main.storyboard;
			sourceTree = "<group>";
		};
		8952B10A1AC7F66600E93478 /* InfoPlist.strings */ = {
			isa = PBXVariantGroup;
			children = (
				8952B10B1AC7F66600E93478 /* en */,
			);
			name = InfoPlist.strings;
			sourceTree = "<group>";
		};
/* End PBXVariantGroup section */

/* Begin XCBuildConfiguration section */
		8952B10F1AC7F66600E93478 /* Debug */ = {
			isa = XCBuildConfiguration;
			buildSettings = {
				ALWAYS_SEARCH_USER_PATHS = NO;
				CLANG_CXX_LANGUAGE_STANDARD = "gnu++0x";
				CLANG_CXX_LIBRARY = "libc++";
				CLANG_ENABLE_MODULES = YES;
				CLANG_ENABLE_OBJC_ARC = YES;
				CLANG_WARN_BOOL_CONVERSION = YES;
				CLANG_WARN_CONSTANT_CONVERSION = YES;
				CLANG_WARN_DIRECT_OBJC_ISA_USAGE = YES_ERROR;
				CLANG_WARN_EMPTY_BODY = YES;
				CLANG_WARN_ENUM_CONVERSION = YES;
				CLANG_WARN_INT_CONVERSION = YES;
				CLANG_WARN_OBJC_ROOT_CLASS = YES_ERROR;
				CLANG_WARN__DUPLICATE_METHOD_MATCH = YES;
				"CODE_SIGN_IDENTITY[sdk=iphoneos*]" = "iPhone Developer";
				COPY_PHASE_STRIP = NO;
				GCC_C_LANGUAGE_STANDARD = gnu99;
				GCC_DYNAMIC_NO_PIC = NO;
				GCC_OPTIMIZATION_LEVEL = 0;
				GCC_PREPROCESSOR_DEFINITIONS = (
					"DEBUG=1",
					"$(inherited)",
				);
				GCC_SYMBOLS_PRIVATE_EXTERN = NO;
				GCC_WARN_64_TO_32_BIT_CONVERSION = YES;
				GCC_WARN_ABOUT_RETURN_TYPE = YES_ERROR;
				GCC_WARN_UNDECLARED_SELECTOR = YES;
				GCC_WARN_UNINITIALIZED_AUTOS = YES_AGGRESSIVE;
				GCC_WARN_UNUSED_FUNCTION = YES;
				GCC_WARN_UNUSED_VARIABLE = YES;
				IPHONEOS_DEPLOYMENT_TARGET = 7.1;
				ONLY_ACTIVE_ARCH = YES;
				SDKROOT = iphoneos;
			};
			name = Debug;
		};
		8952B1101AC7F66600E93478 /* Release */ = {
			isa = XCBuildConfiguration;
			buildSettings = {
				ALWAYS_SEARCH_USER_PATHS = NO;
				CLANG_CXX_LANGUAGE_STANDARD = "gnu++0x";
				CLANG_CXX_LIBRARY = "libc++";
				CLANG_ENABLE_MODULES = YES;
				CLANG_ENABLE_OBJC_ARC = YES;
				CLANG_WARN_BOOL_CONVERSION = YES;
				CLANG_WARN_CONSTANT_CONVERSION = YES;
				CLANG_WARN_DIRECT_OBJC_ISA_USAGE = YES_ERROR;
				CLANG_WARN_EMPTY_BODY = YES;
				CLANG_WARN_ENUM_CONVERSION = YES;
				CLANG_WARN_INT_CONVERSION = YES;
				CLANG_WARN_OBJC_ROOT_CLASS = YES_ERROR;
				CLANG_WARN__DUPLICATE_METHOD_MATCH = YES;
				"CODE_SIGN_IDENTITY[sdk=iphoneos*]" = "iPhone Developer";
				COPY_PHASE_STRIP = YES;
				ENABLE_NS_ASSERTIONS = NO;
				GCC_C_LANGUAGE_STANDARD = gnu99;
				GCC_WARN_64_TO_32_BIT_CONVERSION = YES;
				GCC_WARN_ABOUT_RETURN_TYPE = YES_ERROR;
				GCC_WARN_UNDECLARED_SELECTOR = YES;
				GCC_WARN_UNINITIALIZED_AUTOS = YES_AGGRESSIVE;
				GCC_WARN_UNUSED_FUNCTION = YES;
				GCC_WARN_UNUSED_VARIABLE = YES;
				IPHONEOS_DEPLOYMENT_TARGET = 7.1;
				SDKROOT = iphoneos;
				VALIDATE_PRODUCT = YES;
			};
			name = Release;
		};
		8952B1121AC7F66600E93478 /* Debug */ = {
			isa = XCBuildConfiguration;
			buildSettings = {
				ASSETCATALOG_COMPILER_APPICON_NAME = AppIcon;
				ASSETCATALOG_COMPILER_LAUNCHIMAGE_NAME = LaunchImage;
				GCC_PRECOMPILE_PREFIX_HEADER = YES;
				GCC_PREFIX_HEADER = "06.九宫格软件管理/06.九宫格软件管理-Prefix.pch";
				INFOPLIST_FILE = "06.九宫格软件管理/06.九宫格软件管理-Info.plist";
				PRODUCT_NAME = "$(TARGET_NAME)";
				WRAPPER_EXTENSION = app;
			};
			name = Debug;
		};
		8952B1131AC7F66600E93478 /* Release */ = {
			isa = XCBuildConfiguration;
			buildSettings = {
				ASSETCATALOG_COMPILER_APPICON_NAME = AppIcon;
				ASSETCATALOG_COMPILER_LAUNCHIMAGE_NAME = LaunchImage;
				GCC_PRECOMPILE_PREFIX_HEADER = YES;
				GCC_PREFIX_HEADER = "06.九宫格软件管理/06.九宫格软件管理-Prefix.pch";
				INFOPLIST_FILE = "06.九宫格软件管理/06.九宫格软件管理-Info.plist";
				PRODUCT_NAME = "$(TARGET_NAME)";
				WRAPPER_EXTENSION = app;
			};
			name = Release;
		};
		8952B1151AC7F66600E93478 /* Debug */ = {
			isa = XCBuildConfiguration;
			buildSettings = {
				BUNDLE_LOADER = "$(BUILT_PRODUCTS_DIR)/06.九宫格软件管理.app/06.九宫格软件管理";
				FRAMEWORK_SEARCH_PATHS = (
					"$(SDKROOT)/Developer/Library/Frameworks",
					"$(inherited)",
					"$(DEVELOPER_FRAMEWORKS_DIR)",
				);
				GCC_PRECOMPILE_PREFIX_HEADER = YES;
				GCC_PREFIX_HEADER = "06.九宫格软件管理/06.九宫格软件管理-Prefix.pch";
				GCC_PREPROCESSOR_DEFINITIONS = (
					"DEBUG=1",
					"$(inherited)",
				);
				INFOPLIST_FILE = "06.九宫格软件管理Tests/06.九宫格软件管理Tests-Info.plist";
				PRODUCT_NAME = "$(TARGET_NAME)";
				TEST_HOST = "$(BUNDLE_LOADER)";
				WRAPPER_EXTENSION = xctest;
			};
			name = Debug;
		};
		8952B1161AC7F66600E93478 /* Release */ = {
			isa = XCBuildConfiguration;
			buildSettings = {
				BUNDLE_LOADER = "$(BUILT_PRODUCTS_DIR)/06.九宫格软件管理.app/06.九宫格软件管理";
				FRAMEWORK_SEARCH_PATHS = (
					"$(SDKROOT)/Developer/Library/Frameworks",
					"$(inherited)",
					"$(DEVELOPER_FRAMEWORKS_DIR)",
				);
				GCC_PRECOMPILE_PREFIX_HEADER = YES;
				GCC_PREFIX_HEADER = "06.九宫格软件管理/06.九宫格软件管理-Prefix.pch";
				INFOPLIST_FILE = "06.九宫格软件管理Tests/06.九宫格软件管理Tests-Info.plist";
				PRODUCT_NAME = "$(TARGET_NAME)";
				TEST_HOST = "$(BUNDLE_LOADER)";
				WRAPPER_EXTENSION = xctest;
			};
			name = Release;
		};
/* End XCBuildConfiguration section */

/* Begin XCConfigurationList section */
		8952B0DA1AC7F66600E93478 /* Build configuration list for PBXProject "06.九宫格软件管理" */ = {
			isa = XCConfigurationList;
			buildConfigurations = (
				8952B10F1AC7F66600E93478 /* Debug */,
				8952B1101AC7F66600E93478 /* Release */,
			);
			defaultConfigurationIsVisible = 0;
			defaultConfigurationName = Release;
		};
		8952B1111AC7F66600E93478 /* Build configuration list for PBXNativeTarget "06.九宫格软件管理" */ = {
			isa = XCConfigurationList;
			buildConfigurations = (
				8952B1121AC7F66600E93478 /* Debug */,
				8952B1131AC7F66600E93478 /* Release */,
			);
			defaultConfigurationIsVisible = 0;
		};
		8952B1141AC7F66600E93478 /* Build configuration list for PBXNativeTarget "06.九宫格软件管理Tests" */ = {
			isa = XCConfigurationList;
			buildConfigurations = (
				8952B1151AC7F66600E93478 /* Debug */,
				8952B1161AC7F66600E93478 /* Release */,
			);
			defaultConfigurationIsVisible = 0;
		};
/* End XCConfigurationList section */
	};
	rootObject = 8952B0D71AC7F66600E93478 /* Project object */;
}
